// !$*UTF8*$!
{
	archiveVersion = 1;
	classes = {
	};
	objectVersion = 50;
	objects = {

/* Begin PBXBuildFile section */
		497CA067A9241B6E72B70FC8 /* Pods_ios_mybuy.framework in Frameworks */ = {isa = PBXBuildFile; fileRef = B66AF2A66393C824226AEB45 /* Pods_ios_mybuy.framework */; };
		5E1881EB21A5A16500D9447F /* AppDelegate.swift in Sources */ = {isa = PBXBuildFile; fileRef = 5E1881EA21A5A16500D9447F /* AppDelegate.swift */; };
		5E1881ED21A5A16500D9447F /* ViewController.swift in Sources */ = {isa = PBXBuildFile; fileRef = 5E1881EC21A5A16500D9447F /* ViewController.swift */; };
		5E1881F021A5A16500D9447F /* Main.storyboard in Resources */ = {isa = PBXBuildFile; fileRef = 5E1881EE21A5A16500D9447F /* Main.storyboard */; };
		5E1881F221A5A16500D9447F /* Assets.xcassets in Resources */ = {isa = PBXBuildFile; fileRef = 5E1881F121A5A16500D9447F /* Assets.xcassets */; };
		5E1881F521A5A16500D9447F /* LaunchScreen.storyboard in Resources */ = {isa = PBXBuildFile; fileRef = 5E1881F321A5A16500D9447F /* LaunchScreen.storyboard */; };
		5E1881FD21A5A57100D9447F /* RegistrarseViewController.swift in Sources */ = {isa = PBXBuildFile; fileRef = 5E1881FC21A5A57100D9447F /* RegistrarseViewController.swift */; };
		5E1881FF21A5AC6800D9447F /* MensajesViewController.swift in Sources */ = {isa = PBXBuildFile; fileRef = 5E1881FE21A5AC6800D9447F /* MensajesViewController.swift */; };
		5E43788021A97F5B00991B8B /* Contacto.swift in Sources */ = {isa = PBXBuildFile; fileRef = 5E43787F21A97F5B00991B8B /* Contacto.swift */; };
/* End PBXBuildFile section */

/* Begin PBXFileReference section */
		5E1881E721A5A16400D9447F /* ios-mybuy.app */ = {isa = PBXFileReference; explicitFileType = wrapper.application; includeInIndex = 0; path = "ios-mybuy.app"; sourceTree = BUILT_PRODUCTS_DIR; };
		5E1881EA21A5A16500D9447F /* AppDelegate.swift */ = {isa = PBXFileReference; lastKnownFileType = sourcecode.swift; path = AppDelegate.swift; sourceTree = "<group>"; };
		5E1881EC21A5A16500D9447F /* ViewController.swift */ = {isa = PBXFileReference; lastKnownFileType = sourcecode.swift; path = ViewController.swift; sourceTree = "<group>"; };
		5E1881EF21A5A16500D9447F /* Base */ = {isa = PBXFileReference; lastKnownFileType = file.storyboard; name = Base; path = Base.lproj/Main.storyboard; sourceTree = "<group>"; };
		5E1881F121A5A16500D9447F /* Assets.xcassets */ = {isa = PBXFileReference; lastKnownFileType = folder.assetcatalog; path = Assets.xcassets; sourceTree = "<group>"; };
		5E1881F421A5A16500D9447F /* Base */ = {isa = PBXFileReference; lastKnownFileType = file.storyboard; name = Base; path = Base.lproj/LaunchScreen.storyboard; sourceTree = "<group>"; };
		5E1881F621A5A16500D9447F /* Info.plist */ = {isa = PBXFileReference; lastKnownFileType = text.plist.xml; path = Info.plist; sourceTree = "<group>"; };
		5E1881FC21A5A57100D9447F /* RegistrarseViewController.swift */ = {isa = PBXFileReference; lastKnownFileType = sourcecode.swift; path = RegistrarseViewController.swift; sourceTree = "<group>"; };
		5E1881FE21A5AC6800D9447F /* MensajesViewController.swift */ = {isa = PBXFileReference; lastKnownFileType = sourcecode.swift; path = MensajesViewController.swift; sourceTree = "<group>"; };
		5E43787F21A97F5B00991B8B /* Contacto.swift */ = {isa = PBXFileReference; lastKnownFileType = sourcecode.swift; path = Contacto.swift; sourceTree = "<group>"; };
		B170DA75D4393E10089A00BC /* Pods-ios-mybuy.release.xcconfig */ = {isa = PBXFileReference; includeInIndex = 1; lastKnownFileType = text.xcconfig; name = "Pods-ios-mybuy.release.xcconfig"; path = "Pods/Target Support Files/Pods-ios-mybuy/Pods-ios-mybuy.release.xcconfig"; sourceTree = "<group>"; };
		B66AF2A66393C824226AEB45 /* Pods_ios_mybuy.framework */ = {isa = PBXFileReference; explicitFileType = wrapper.framework; includeInIndex = 0; path = Pods_ios_mybuy.framework; sourceTree = BUILT_PRODUCTS_DIR; };
		C3FE3AF9052E96B60E67BF63 /* Pods-ios-mybuy.debug.xcconfig */ = {isa = PBXFileReference; includeInIndex = 1; lastKnownFileType = text.xcconfig; name = "Pods-ios-mybuy.debug.xcconfig"; path = "Pods/Target Support Files/Pods-ios-mybuy/Pods-ios-mybuy.debug.xcconfig"; sourceTree = "<group>"; };
/* End PBXFileReference section */

/* Begin PBXFrameworksBuildPhase section */
		5E1881E421A5A16400D9447F /* Frameworks */ = {
			isa = PBXFrameworksBuildPhase;
			buildActionMask = 2147483647;
			files = (
				497CA067A9241B6E72B70FC8 /* Pods_ios_mybuy.framework in Frameworks */,
			);
			runOnlyForDeploymentPostprocessing = 0;
		};
/* End PBXFrameworksBuildPhase section */

/* Begin PBXGroup section */
		5E1881DE21A5A16400D9447F = {
			isa = PBXGroup;
			children = (
				5E1881E921A5A16400D9447F /* ios-mybuy */,
				5E1881E821A5A16400D9447F /* Products */,
				E52B7E043397F805F8737633 /* Pods */,
				A4700484193AC9F3C7BE77E6 /* Frameworks */,
			);
			sourceTree = "<group>";
		};
		5E1881E821A5A16400D9447F /* Products */ = {
			isa = PBXGroup;
			children = (
				5E1881E721A5A16400D9447F /* ios-mybuy.app */,
			);
			name = Products;
			sourceTree = "<group>";
		};
		5E1881E921A5A16400D9447F /* ios-mybuy */ = {
			isa = PBXGroup;
			children = (
				5E1881EA21A5A16500D9447F /* AppDelegate.swift */,
				5E1881EC21A5A16500D9447F /* ViewController.swift */,
				5E1881EE21A5A16500D9447F /* Main.storyboard */,
				5E1881F121A5A16500D9447F /* Assets.xcassets */,
				5E1881F321A5A16500D9447F /* LaunchScreen.storyboard */,
				5E1881F621A5A16500D9447F /* Info.plist */,
				5E1881FC21A5A57100D9447F /* RegistrarseViewController.swift */,
				5E1881FE21A5AC6800D9447F /* MensajesViewController.swift */,
				5E43787F21A97F5B00991B8B /* Contacto.swift */,
			);
			path = "ios-mybuy";
			sourceTree = "<group>";
		};
		A4700484193AC9F3C7BE77E6 /* Frameworks */ = {
			isa = PBXGroup;
			children = (
				B66AF2A66393C824226AEB45 /* Pods_ios_mybuy.framework */,
			);
			name = Frameworks;
			sourceTree = "<group>";
		};
		E52B7E043397F805F8737633 /* Pods */ = {
			isa = PBXGroup;
			children = (
				C3FE3AF9052E96B60E67BF63 /* Pods-ios-mybuy.debug.xcconfig */,
				B170DA75D4393E10089A00BC /* Pods-ios-mybuy.release.xcconfig */,
			);
			name = Pods;
			sourceTree = "<group>";
		};
/* End PBXGroup section */

/* Begin PBXNativeTarget section */
		5E1881E621A5A16400D9447F /* ios-mybuy */ = {
			isa = PBXNativeTarget;
			buildConfigurationList = 5E1881F921A5A16500D9447F /* Build configuration list for PBXNativeTarget "ios-mybuy" */;
			buildPhases = (
				8C4AAA12D557E236B4FCF567 /* [CP] Check Pods Manifest.lock */,
				5E1881E321A5A16400D9447F /* Sources */,
				5E1881E421A5A16400D9447F /* Frameworks */,
				5E1881E521A5A16400D9447F /* Resources */,
				C2D0493F5ECEB455C2C04351 /* [CP] Embed Pods Frameworks */,
			);
			buildRules = (
			);
			dependencies = (
			);
			name = "ios-mybuy";
			productName = "ios-mybuy";
			productReference = 5E1881E721A5A16400D9447F /* ios-mybuy.app */;
			productType = "com.apple.product-type.application";
		};
/* End PBXNativeTarget section */

/* Begin PBXProject section */
		5E1881DF21A5A16400D9447F /* Project object */ = {
			isa = PBXProject;
			attributes = {
				LastSwiftUpdateCheck = 1010;
				LastUpgradeCheck = 1010;
				ORGANIZATIONNAME = Alexis;
				TargetAttributes = {
					5E1881E621A5A16400D9447F = {
						CreatedOnToolsVersion = 10.1;
					};
				};
			};
			buildConfigurationList = 5E1881E221A5A16400D9447F /* Build configuration list for PBXProject "ios-mybuy" */;
			compatibilityVersion = "Xcode 9.3";
			developmentRegion = en;
			hasScannedForEncodings = 0;
			knownRegions = (
				en,
				Base,
			);
			mainGroup = 5E1881DE21A5A16400D9447F;
			productRefGroup = 5E1881E821A5A16400D9447F /* Products */;
			projectDirPath = "";
			projectRoot = "";
			targets = (
				5E1881E621A5A16400D9447F /* ios-mybuy */,
			);
		};
/* End PBXProject section */

/* Begin PBXResourcesBuildPhase section */
		5E1881E521A5A16400D9447F /* Resources */ = {
			isa = PBXResourcesBuildPhase;
			buildActionMask = 2147483647;
			files = (
				5E1881F521A5A16500D9447F /* LaunchScreen.storyboard in Resources */,
				5E1881F221A5A16500D9447F /* Assets.xcassets in Resources */,
				5E1881F021A5A16500D9447F /* Main.storyboard in Resources */,
			);
			runOnlyForDeploymentPostprocessing = 0;
		};
/* End PBXResourcesBuildPhase section */

/* Begin PBXShellScriptBuildPhase section */
		8C4AAA12D557E236B4FCF567 /* [CP] Check Pods Manifest.lock */ = {
			isa = PBXShellScriptBuildPhase;
			buildActionMask = 2147483647;
			files = (
			);
			inputFileListPaths = (
			);
			inputPaths = (
				"${PODS_PODFILE_DIR_PATH}/Podfile.lock",
				"${PODS_ROOT}/Manifest.lock",
			);
			name = "[CP] Check Pods Manifest.lock";
			outputFileListPaths = (
			);
			outputPaths = (
				"$(DERIVED_FILE_DIR)/Pods-ios-mybuy-checkManifestLockResult.txt",
			);
			runOnlyForDeploymentPostprocessing = 0;
			shellPath = /bin/sh;
			shellScript = "diff \"${PODS_PODFILE_DIR_PATH}/Podfile.lock\" \"${PODS_ROOT}/Manifest.lock\" > /dev/null\nif [ $? != 0 ] ; then\n    # print error to STDERR\n    echo \"error: The sandbox is not in sync with the Podfile.lock. Run 'pod install' or update your CocoaPods installation.\" >&2\n    exit 1\nfi\n# This output is used by Xcode 'outputs' to avoid re-running this script phase.\necho \"SUCCESS\" > \"${SCRIPT_OUTPUT_FILE_0}\"\n";
			showEnvVarsInLog = 0;
		};
		C2D0493F5ECEB455C2C04351 /* [CP] Embed Pods Frameworks */ = {
			isa = PBXShellScriptBuildPhase;
			buildActionMask = 2147483647;
			files = (
			);
			inputFileListPaths = (
			);
			inputPaths = (
				"${SRCROOT}/Pods/Target Support Files/Pods-ios-mybuy/Pods-ios-mybuy-frameworks.sh",
				"${BUILT_PRODUCTS_DIR}/Alamofire/Alamofire.framework",
			);
			name = "[CP] Embed Pods Frameworks";
			outputFileListPaths = (
			);
			outputPaths = (
				"${TARGET_BUILD_DIR}/${FRAMEWORKS_FOLDER_PATH}/Alamofire.framework",
			);
			runOnlyForDeploymentPostprocessing = 0;
			shellPath = /bin/sh;
			shellScript = "\"${SRCROOT}/Pods/Target Support Files/Pods-ios-mybuy/Pods-ios-mybuy-frameworks.sh\"\n";
			showEnvVarsInLog = 0;
		};
/* End PBXShellScriptBuildPhase section */

/* Begin PBXSourcesBuildPhase section */
		5E1881E321A5A16400D9447F /* Sources */ = {
			isa = PBXSourcesBuildPhase;
			buildActionMask = 2147483647;
			files = (
				5E1881FF21A5AC6800D9447F /* MensajesViewController.swift in Sources */,
				5E1881FD21A5A57100D9447F /* RegistrarseViewController.swift in Sources */,
				5E1881ED21A5A16500D9447F /* ViewController.swift in Sources */,
				5E1881EB21A5A16500D9447F /* AppDelegate.swift in Sources */,
				5E43788021A97F5B00991B8B /* Contacto.swift in Sources */,
			);
			runOnlyForDeploymentPostprocessing = 0;
		};
/* End PBXSourcesBuildPhase section */

/* Begin PBXVariantGroup section */
		5E1881EE21A5A16500D9447F /* Main.storyboard */ = {
			isa = PBXVariantGroup;
			children = (
				5E1881EF21A5A16500D9447F /* Base */,
			);
			name = Main.storyboard;
			sourceTree = "<group>";
		};
		5E1881F321A5A16500D9447F /* LaunchScreen.storyboard */ = {
			isa = PBXVariantGroup;
			children = (
				5E1881F421A5A16500D9447F /* Base */,
			);
			name = LaunchScreen.storyboard;
			sourceTree = "<group>";
		};
/* End PBXVariantGroup section */

/* Begin XCBuildConfiguration section */
		5E1881F721A5A16500D9447F /* Debug */ = {
			isa = XCBuildConfiguration;
			buildSettings = {
				ALWAYS_SEARCH_USER_PATHS = NO;
				CLANG_ANALYZER_NONNULL = YES;
				CLANG_ANALYZER_NUMBER_OBJECT_CONVERSION = YES_AGGRESSIVE;
				CLANG_CXX_LANGUAGE_STANDARD = "gnu++14";
				CLANG_CXX_LIBRARY = "libc++";
				CLANG_ENABLE_MODULES = YES;
				CLANG_ENABLE_OBJC_ARC = YES;
				CLANG_ENABLE_OBJC_WEAK = YES;
				CLANG_WARN_BLOCK_CAPTURE_AUTORELEASING = YES;
				CLANG_WARN_BOOL_CONVERSION = YES;
				CLANG_WARN_COMMA = YES;
				CLANG_WARN_CONSTANT_CONVERSION = YES;
				CLANG_WARN_DEPRECATED_OBJC_IMPLEMENTATIONS = YES;
				CLANG_WARN_DIRECT_OBJC_ISA_USAGE = YES_ERROR;
				CLANG_WARN_DOCUMENTATION_COMMENTS = YES;
				CLANG_WARN_EMPTY_BODY = YES;
				CLANG_WARN_ENUM_CONVERSION = YES;
				CLANG_WARN_INFINITE_RECURSION = YES;
				CLANG_WARN_INT_CONVERSION = YES;
				CLANG_WARN_NON_LITERAL_NULL_CONVERSION = YES;
				CLANG_WARN_OBJC_IMPLICIT_RETAIN_SELF = YES;
				CLANG_WARN_OBJC_LITERAL_CONVERSION = YES;
				CLANG_WARN_OBJC_ROOT_CLASS = YES_ERROR;
				CLANG_WARN_RANGE_LOOP_ANALYSIS = YES;
				CLANG_WARN_STRICT_PROTOTYPES = YES;
				CLANG_WARN_SUSPICIOUS_MOVE = YES;
				CLANG_WARN_UNGUARDED_AVAILABILITY = YES_AGGRESSIVE;
				CLANG_WARN_UNREACHABLE_CODE = YES;
				CLANG_WARN__DUPLICATE_METHOD_MATCH = YES;
				CODE_SIGN_IDENTITY = "iPhone Developer";
				COPY_PHASE_STRIP = NO;
				DEBUG_INFORMATION_FORMAT = dwarf;
				ENABLE_STRICT_OBJC_MSGSEND = YES;
				ENABLE_TESTABILITY = YES;
				GCC_C_LANGUAGE_STANDARD = gnu11;
				GCC_DYNAMIC_NO_PIC = NO;
				GCC_NO_COMMON_BLOCKS = YES;
				GCC_OPTIMIZATION_LEVEL = 0;
				GCC_PREPROCESSOR_DEFINITIONS = (
					"DEBUG=1",
					"$(inherited)",
				);
				GCC_WARN_64_TO_32_BIT_CONVERSION = YES;
				GCC_WARN_ABOUT_RETURN_TYPE = YES_ERROR;
				GCC_WARN_UNDECLARED_SELECTOR = YES;
				GCC_WARN_UNINITIALIZED_AUTOS = YES_AGGRESSIVE;
				GCC_WARN_UNUSED_FUNCTION = YES;
				GCC_WARN_UNUSED_VARIABLE = YES;
				IPHONEOS_DEPLOYMENT_TARGET = 12.1;
				MTL_ENABLE_DEBUG_INFO = INCLUDE_SOURCE;
				MTL_FAST_MATH = YES;
				ONLY_ACTIVE_ARCH = YES;
				SDKROOT = iphoneos;
				SWIFT_ACTIVE_COMPILATION_CONDITIONS = DEBUG;
				SWIFT_OPTIMIZATION_LEVEL = "-Onone";
			};
			name = Debug;
		};
		5E1881F821A5A16500D9447F /* Release */ = {
			isa = XCBuildConfiguration;
			buildSettings = {
				ALWAYS_SEARCH_USER_PATHS = NO;
				CLANG_ANALYZER_NONNULL = YES;
				CLANG_ANALYZER_NUMBER_OBJECT_CONVERSION = YES_AGGRESSIVE;
				CLANG_CXX_LANGUAGE_STANDARD = "gnu++14";
				CLANG_CXX_LIBRARY = "libc++";
				CLANG_ENABLE_MODULES = YES;
				CLANG_ENABLE_OBJC_ARC = YES;
				CLANG_ENABLE_OBJC_WEAK = YES;
				CLANG_WARN_BLOCK_CAPTURE_AUTORELEASING = YES;
				CLANG_WARN_BOOL_CONVERSION = YES;
				CLANG_WARN_COMMA = YES;
				CLANG_WARN_CONSTANT_CONVERSION = YES;
				CLANG_WARN_DEPRECATED_OBJC_IMPLEMENTATIONS = YES;
				CLANG_WARN_DIRECT_OBJC_ISA_USAGE = YES_ERROR;
				CLANG_WARN_DOCUMENTATION_COMMENTS = YES;
				CLANG_WARN_EMPTY_BODY = YES;
				CLANG_WARN_ENUM_CONVERSION = YES;
				CLANG_WARN_INFINITE_RECURSION = YES;
				CLANG_WARN_INT_CONVERSION = YES;
				CLANG_WARN_NON_LITERAL_NULL_CONVERSION = YES;
				CLANG_WARN_OBJC_IMPLICIT_RETAIN_SELF = YES;
				CLANG_WARN_OBJC_LITERAL_CONVERSION = YES;
				CLANG_WARN_OBJC_ROOT_CLASS = YES_ERROR;
				CLANG_WARN_RANGE_LOOP_ANALYSIS = YES;
				CLANG_WARN_STRICT_PROTOTYPES = YES;
				CLANG_WARN_SUSPICIOUS_MOVE = YES;
				CLANG_WARN_UNGUARDED_AVAILABILITY = YES_AGGRESSIVE;
				CLANG_WARN_UNREACHABLE_CODE = YES;
				CLANG_WARN__DUPLICATE_METHOD_MATCH = YES;
				CODE_SIGN_IDENTITY = "iPhone Developer";
				COPY_PHASE_STRIP = NO;
				DEBUG_INFORMATION_FORMAT = "dwarf-with-dsym";
				ENABLE_NS_ASSERTIONS = NO;
				ENABLE_STRICT_OBJC_MSGSEND = YES;
				GCC_C_LANGUAGE_STANDARD = gnu11;
				GCC_NO_COMMON_BLOCKS = YES;
				GCC_WARN_64_TO_32_BIT_CONVERSION = YES;
				GCC_WARN_ABOUT_RETURN_TYPE = YES_ERROR;
				GCC_WARN_UNDECLARED_SELECTOR = YES;
				GCC_WARN_UNINITIALIZED_AUTOS = YES_AGGRESSIVE;
				GCC_WARN_UNUSED_FUNCTION = YES;
				GCC_WARN_UNUSED_VARIABLE = YES;
				IPHONEOS_DEPLOYMENT_TARGET = 12.1;
				MTL_ENABLE_DEBUG_INFO = NO;
				MTL_FAST_MATH = YES;
				SDKROOT = iphoneos;
				SWIFT_COMPILATION_MODE = wholemodule;
				SWIFT_OPTIMIZATION_LEVEL = "-O";
				VALIDATE_PRODUCT = YES;
			};
			name = Release;
		};
		5E1881FA21A5A16500D9447F /* Debug */ = {
			isa = XCBuildConfiguration;
			baseConfigurationReference = C3FE3AF9052E96B60E67BF63 /* Pods-ios-mybuy.debug.xcconfig */;
			buildSettings = {
				ASSETCATALOG_COMPILER_APPICON_NAME = AppIcon;
				CODE_SIGN_STYLE = Automatic;
				INFOPLIST_FILE = "ios-mybuy/Info.plist";
				LD_RUNPATH_SEARCH_PATHS = (
					"$(inherited)",
					"@executable_path/Frameworks",
				);
				PRODUCT_BUNDLE_IDENTIFIER = "com.alexis.ios-mybuy";
				PRODUCT_NAME = "$(TARGET_NAME)";
				SWIFT_VERSION = 4.2;
				TARGETED_DEVICE_FAMILY = "1,2";
			};
			name = Debug;
		};
		5E1881FB21A5A16500D9447F /* Release */ = {
			isa = XCBuildConfiguration;
			baseConfigurationReference = B170DA75D4393E10089A00BC /* Pods-ios-mybuy.release.xcconfig */;
			buildSettings = {
				ASSETCATALOG_COMPILER_APPICON_NAME = AppIcon;
				CODE_SIGN_STYLE = Automatic;
				INFOPLIST_FILE = "ios-mybuy/Info.plist";
				LD_RUNPATH_SEARCH_PATHS = (
					"$(inherited)",
					"@executable_path/Frameworks",
				);
				PRODUCT_BUNDLE_IDENTIFIER = "com.alexis.ios-mybuy";
				PRODUCT_NAME = "$(TARGET_NAME)";
				SWIFT_VERSION = 4.2;
				TARGETED_DEVICE_FAMILY = "1,2";
			};
			name = Release;
		};
/* End XCBuildConfiguration section */

/* Begin XCConfigurationList section */
		5E1881E221A5A16400D9447F /* Build configuration list for PBXProject "ios-mybuy" */ = {
			isa = XCConfigurationList;
			buildConfigurations = (
				5E1881F721A5A16500D9447F /* Debug */,
				5E1881F821A5A16500D9447F /* Release */,
			);
			defaultConfigurationIsVisible = 0;
			defaultConfigurationName = Release;
		};
		5E1881F921A5A16500D9447F /* Build configuration list for PBXNativeTarget "ios-mybuy" */ = {
			isa = XCConfigurationList;
			buildConfigurations = (
				5E1881FA21A5A16500D9447F /* Debug */,
				5E1881FB21A5A16500D9447F /* Release */,
			);
			defaultConfigurationIsVisible = 0;
			defaultConfigurationName = Release;
		};
/* End XCConfigurationList section */
	};
	rootObject = 5E1881DF21A5A16400D9447F /* Project object */;
}
